
Microsoft Visual Studio Solution File, Format Version 12.00
# Visual Studio Version 17
VisualStudioVersion = 17.6.33829.357
MinimumVisualStudioVersion = 10.0.40219.1
Project("{FAE04EC0-301F-11D3-BF4B-00C04F79EFBC}") = "Ares Injector", "Ares Injector\Ares Injector.csproj", "{EDE17068-010A-4E60-AF96-E892BF181D37}"
EndProject
Global
	GlobalSection(SolutionConfigurationPlatforms) = preSolution
		Debug|Any CPU = Debug|Any CPU
		Release|Any CPU = Release|Any CPU
	EndGlobalSection
	GlobalSection(ProjectConfigurationPlatforms) = postSolution
		{EDE17068-010A-4E60-AF96-E892BF181D37}.Debug|Any CPU.ActiveCfg = Debug|Any CPU
		{EDE17068-010A-4E60-AF96-E892BF181D37}.Debug|Any CPU.Build.0 = Debug|Any CPU
		{EDE17068-010A-4E60-AF96-E892BF181D37}.Release|Any CPU.ActiveCfg = Release|Any CPU
		{EDE17068-010A-4E60-AF96-E892BF181D37}.Release|Any CPU.Build.0 = Release|Any CPU
	EndGlobalSection
	GlobalSection(SolutionProperties) = preSolution
		HideSolutionNode = FALSE
	EndGlobalSection
	GlobalSection(ExtensibilityGlobals) = postSolution
		SolutionGuid = {3E8BCE65-E96D-4761-B2DD-682D2FB55C6F}
	EndGlobalSection
EndGlobal
